
Microsoft Visual Studio Solution File, Format Version 12.00
# Visual Studio Version 17
VisualStudioVersion = 17.2.32630.192
MinimumVisualStudioVersion = 10.0.40219.1
Project("{9A19103F-16F7-4668-BE54-9A1E7A4F7556}") = "Backup", "Backup\Backup.csproj", "{9A433368-A189-4991-89BE-D737C5538303}"
EndProject
Project("{9A19103F-16F7-4668-BE54-9A1E7A4F7556}") = "RssReader", "RssFeeder\RssReader.csproj", "{A26E791C-6A6C-45BC-A8B1-E12FC170566D}"
EndProject
Global
	GlobalSection(SolutionConfigurationPlatforms) = preSolution
		Debug|Any CPU = Debug|Any CPU
		Release|Any CPU = Release|Any CPU
	EndGlobalSection
	GlobalSection(ProjectConfigurationPlatforms) = postSolution
		{9A433368-A189-4991-89BE-D737C5538303}.Debug|Any CPU.ActiveCfg = Debug|Any CPU
		{9A433368-A189-4991-89BE-D737C5538303}.Debug|Any CPU.Build.0 = Debug|Any CPU
		{9A433368-A189-4991-89BE-D737C5538303}.Release|Any CPU.ActiveCfg = Release|Any CPU
		{9A433368-A189-4991-89BE-D737C5538303}.Release|Any CPU.Build.0 = Release|Any CPU
		{A26E791C-6A6C-45BC-A8B1-E12FC170566D}.Debug|Any CPU.ActiveCfg = Debug|Any CPU
		{A26E791C-6A6C-45BC-A8B1-E12FC170566D}.Debug|Any CPU.Build.0 = Debug|Any CPU
		{A26E791C-6A6C-45BC-A8B1-E12FC170566D}.Release|Any CPU.ActiveCfg = Release|Any CPU
		{A26E791C-6A6C-45BC-A8B1-E12FC170566D}.Release|Any CPU.Build.0 = Release|Any CPU
	EndGlobalSection
	GlobalSection(SolutionProperties) = preSolution
		HideSolutionNode = FALSE
	EndGlobalSection
	GlobalSection(ExtensibilityGlobals) = postSolution
		SolutionGuid = {33938D74-973B-4393-AE1B-31E538A5E866}
	EndGlobalSection
EndGlobal
